
Microsoft Visual Studio Solution File, Format Version 12.00
# Visual Studio 14
VisualStudioVersion = 14.0.23107.0
MinimumVisualStudioVersion = 10.0.40219.1
Project("{FAE04EC0-301F-11D3-BF4B-00C04F79EFBC}") = "HelloWorld", "HelloWorld\HelloWorld.csproj", "{45636E2E-DCFD-4659-AE60-CCD287195225}"
EndProject
Project("{FAE04EC0-301F-11D3-BF4B-00C04F79EFBC}") = "HelloForms", "HelloForms\HelloForms.csproj", "{788DAF8D-B7B1-4A2E-B765-FC222A0BE342}"
EndProject
Project("{2150E333-8FDC-42A3-9474-1A3956D46DE8}") = "Exercises", "Exercises", "{24A94C59-D7E4-43C9-88DA-9581C17C3607}"
EndProject
Project("{FAE04EC0-301F-11D3-BF4B-00C04F79EFBC}") = "Feet2Meters", "Feet2Meters\Feet2Meters.csproj", "{E4C5DBF1-B92D-4604-9D1E-5DF7ECDAC80F}"
EndProject
Project("{2150E333-8FDC-42A3-9474-1A3956D46DE8}") = "Tasks", "Tasks", "{65278FF7-1248-44C7-A8C8-64F841C64AD1}"
EndProject
Project("{FAE04EC0-301F-11D3-BF4B-00C04F79EFBC}") = "RectangleArea", "RectangleArea\RectangleArea.csproj", "{B6EB8235-15D3-4275-90CC-3F9B45543F84}"
EndProject
Project("{FAE04EC0-301F-11D3-BF4B-00C04F79EFBC}") = "IfExample", "ConsoleApplication1\IfExample.csproj", "{0C62ECBC-0E4B-4388-B90A-C8AF33805F9D}"
EndProject
Project("{FAE04EC0-301F-11D3-BF4B-00C04F79EFBC}") = "LoopsExample", "LoopsExample\LoopsExample.csproj", "{49164210-FA1C-4618-A72B-359E19E804A2}"
EndProject
Project("{FAE04EC0-301F-11D3-BF4B-00C04F79EFBC}") = "WhileExample", "WhileExample\WhileExample.csproj", "{9A38D0A8-A1C6-47C4-8B1F-37EDB03C02F6}"
EndProject
Project("{FAE04EC0-301F-11D3-BF4B-00C04F79EFBC}") = "ListOfListExample", "ListOfListExample\ListOfListExample.csproj", "{B392E5E5-E5EE-480A-9CC0-1B17F6B33B66}"
EndProject
Project("{FAE04EC0-301F-11D3-BF4B-00C04F79EFBC}") = "ClassesExample", "ClassesExample\ClassesExample.csproj", "{D28A1167-A703-4816-B124-141F3EDF3B43}"
EndProject
Project("{2150E333-8FDC-42A3-9474-1A3956D46DE8}") = "Application", "Application", "{5B21F81F-0FC1-4275-A72E-03DA51AFA166}"
EndProject
Project("{FAE04EC0-301F-11D3-BF4B-00C04F79EFBC}") = "WinClient", "WinClient\WinClient.csproj", "{29688210-4AF3-48DB-B274-A5EFBFABA415}"
EndProject
Project("{FAE04EC0-301F-11D3-BF4B-00C04F79EFBC}") = "MovieClasses", "MovieClasses\MovieClasses.csproj", "{47E0A9A1-0760-466D-9781-06C98BC0394D}"
EndProject
Global
	GlobalSection(SolutionConfigurationPlatforms) = preSolution
		Debug|Any CPU = Debug|Any CPU
		Release|Any CPU = Release|Any CPU
	EndGlobalSection
	GlobalSection(ProjectConfigurationPlatforms) = postSolution
		{45636E2E-DCFD-4659-AE60-CCD287195225}.Debug|Any CPU.ActiveCfg = Debug|Any CPU
		{45636E2E-DCFD-4659-AE60-CCD287195225}.Debug|Any CPU.Build.0 = Debug|Any CPU
		{45636E2E-DCFD-4659-AE60-CCD287195225}.Release|Any CPU.ActiveCfg = Release|Any CPU
		{45636E2E-DCFD-4659-AE60-CCD287195225}.Release|Any CPU.Build.0 = Release|Any CPU
		{788DAF8D-B7B1-4A2E-B765-FC222A0BE342}.Debug|Any CPU.ActiveCfg = Debug|Any CPU
		{788DAF8D-B7B1-4A2E-B765-FC222A0BE342}.Debug|Any CPU.Build.0 = Debug|Any CPU
		{788DAF8D-B7B1-4A2E-B765-FC222A0BE342}.Release|Any CPU.ActiveCfg = Release|Any CPU
		{788DAF8D-B7B1-4A2E-B765-FC222A0BE342}.Release|Any CPU.Build.0 = Release|Any CPU
		{E4C5DBF1-B92D-4604-9D1E-5DF7ECDAC80F}.Debug|Any CPU.ActiveCfg = Debug|Any CPU
		{E4C5DBF1-B92D-4604-9D1E-5DF7ECDAC80F}.Debug|Any CPU.Build.0 = Debug|Any CPU
		{E4C5DBF1-B92D-4604-9D1E-5DF7ECDAC80F}.Release|Any CPU.ActiveCfg = Release|Any CPU
		{E4C5DBF1-B92D-4604-9D1E-5DF7ECDAC80F}.Release|Any CPU.Build.0 = Release|Any CPU
		{B6EB8235-15D3-4275-90CC-3F9B45543F84}.Debug|Any CPU.ActiveCfg = Debug|Any CPU
		{B6EB8235-15D3-4275-90CC-3F9B45543F84}.Debug|Any CPU.Build.0 = Debug|Any CPU
		{B6EB8235-15D3-4275-90CC-3F9B45543F84}.Release|Any CPU.ActiveCfg = Release|Any CPU
		{B6EB8235-15D3-4275-90CC-3F9B45543F84}.Release|Any CPU.Build.0 = Release|Any CPU
		{0C62ECBC-0E4B-4388-B90A-C8AF33805F9D}.Debug|Any CPU.ActiveCfg = Debug|Any CPU
		{0C62ECBC-0E4B-4388-B90A-C8AF33805F9D}.Debug|Any CPU.Build.0 = Debug|Any CPU
		{0C62ECBC-0E4B-4388-B90A-C8AF33805F9D}.Release|Any CPU.ActiveCfg = Release|Any CPU
		{0C62ECBC-0E4B-4388-B90A-C8AF33805F9D}.Release|Any CPU.Build.0 = Release|Any CPU
		{49164210-FA1C-4618-A72B-359E19E804A2}.Debug|Any CPU.ActiveCfg = Debug|Any CPU
		{49164210-FA1C-4618-A72B-359E19E804A2}.Debug|Any CPU.Build.0 = Debug|Any CPU
		{49164210-FA1C-4618-A72B-359E19E804A2}.Release|Any CPU.ActiveCfg = Release|Any CPU
		{49164210-FA1C-4618-A72B-359E19E804A2}.Release|Any CPU.Build.0 = Release|Any CPU
		{9A38D0A8-A1C6-47C4-8B1F-37EDB03C02F6}.Debug|Any CPU.ActiveCfg = Debug|Any CPU
		{9A38D0A8-A1C6-47C4-8B1F-37EDB03C02F6}.Debug|Any CPU.Build.0 = Debug|Any CPU
		{9A38D0A8-A1C6-47C4-8B1F-37EDB03C02F6}.Release|Any CPU.ActiveCfg = Release|Any CPU
		{9A38D0A8-A1C6-47C4-8B1F-37EDB03C02F6}.Release|Any CPU.Build.0 = Release|Any CPU
		{B392E5E5-E5EE-480A-9CC0-1B17F6B33B66}.Debug|Any CPU.ActiveCfg = Debug|Any CPU
		{B392E5E5-E5EE-480A-9CC0-1B17F6B33B66}.Debug|Any CPU.Build.0 = Debug|Any CPU
		{B392E5E5-E5EE-480A-9CC0-1B17F6B33B66}.Release|Any CPU.ActiveCfg = Release|Any CPU
		{B392E5E5-E5EE-480A-9CC0-1B17F6B33B66}.Release|Any CPU.Build.0 = Release|Any CPU
		{D28A1167-A703-4816-B124-141F3EDF3B43}.Debug|Any CPU.ActiveCfg = Debug|Any CPU
		{D28A1167-A703-4816-B124-141F3EDF3B43}.Debug|Any CPU.Build.0 = Debug|Any CPU
		{D28A1167-A703-4816-B124-141F3EDF3B43}.Release|Any CPU.ActiveCfg = Release|Any CPU
		{D28A1167-A703-4816-B124-141F3EDF3B43}.Release|Any CPU.Build.0 = Release|Any CPU
		{29688210-4AF3-48DB-B274-A5EFBFABA415}.Debug|Any CPU.ActiveCfg = Debug|Any CPU
		{29688210-4AF3-48DB-B274-A5EFBFABA415}.Debug|Any CPU.Build.0 = Debug|Any CPU
		{29688210-4AF3-48DB-B274-A5EFBFABA415}.Release|Any CPU.ActiveCfg = Release|Any CPU
		{29688210-4AF3-48DB-B274-A5EFBFABA415}.Release|Any CPU.Build.0 = Release|Any CPU
		{47E0A9A1-0760-466D-9781-06C98BC0394D}.Debug|Any CPU.ActiveCfg = Debug|Any CPU
		{47E0A9A1-0760-466D-9781-06C98BC0394D}.Debug|Any CPU.Build.0 = Debug|Any CPU
		{47E0A9A1-0760-466D-9781-06C98BC0394D}.Release|Any CPU.ActiveCfg = Release|Any CPU
		{47E0A9A1-0760-466D-9781-06C98BC0394D}.Release|Any CPU.Build.0 = Release|Any CPU
	EndGlobalSection
	GlobalSection(SolutionProperties) = preSolution
		HideSolutionNode = FALSE
	EndGlobalSection
	GlobalSection(NestedProjects) = preSolution
		{E4C5DBF1-B92D-4604-9D1E-5DF7ECDAC80F} = {24A94C59-D7E4-43C9-88DA-9581C17C3607}
		{B6EB8235-15D3-4275-90CC-3F9B45543F84} = {65278FF7-1248-44C7-A8C8-64F841C64AD1}
		{0C62ECBC-0E4B-4388-B90A-C8AF33805F9D} = {24A94C59-D7E4-43C9-88DA-9581C17C3607}
		{49164210-FA1C-4618-A72B-359E19E804A2} = {24A94C59-D7E4-43C9-88DA-9581C17C3607}
		{9A38D0A8-A1C6-47C4-8B1F-37EDB03C02F6} = {24A94C59-D7E4-43C9-88DA-9581C17C3607}
		{B392E5E5-E5EE-480A-9CC0-1B17F6B33B66} = {24A94C59-D7E4-43C9-88DA-9581C17C3607}
		{D28A1167-A703-4816-B124-141F3EDF3B43} = {24A94C59-D7E4-43C9-88DA-9581C17C3607}
		{5B21F81F-0FC1-4275-A72E-03DA51AFA166} = {24A94C59-D7E4-43C9-88DA-9581C17C3607}
		{29688210-4AF3-48DB-B274-A5EFBFABA415} = {5B21F81F-0FC1-4275-A72E-03DA51AFA166}
		{47E0A9A1-0760-466D-9781-06C98BC0394D} = {5B21F81F-0FC1-4275-A72E-03DA51AFA166}
	EndGlobalSection
EndGlobal
