
Microsoft Visual Studio Solution File, Format Version 12.00
# Visual Studio 14
VisualStudioVersion = 14.0.23107.0
MinimumVisualStudioVersion = 10.0.40219.1
Project("{FAE04EC0-301F-11D3-BF4B-00C04F79EFBC}") = "HelloWorld", "HelloWorld\HelloWorld.csproj", "{45636E2E-DCFD-4659-AE60-CCD287195225}"
EndProject
Project("{FAE04EC0-301F-11D3-BF4B-00C04F79EFBC}") = "HelloForms", "HelloForms\HelloForms.csproj", "{788DAF8D-B7B1-4A2E-B765-FC222A0BE342}"
EndProject
Project("{2150E333-8FDC-42A3-9474-1A3956D46DE8}") = "Exercises", "Exercises", "{24A94C59-D7E4-43C9-88DA-9581C17C3607}"
EndProject
Project("{FAE04EC0-301F-11D3-BF4B-00C04F79EFBC}") = "Feet2Meters", "Feet2Meters\Feet2Meters.csproj", "{E4C5DBF1-B92D-4604-9D1E-5DF7ECDAC80F}"
EndProject
Project("{2150E333-8FDC-42A3-9474-1A3956D46DE8}") = "Tasks", "Tasks", "{65278FF7-1248-44C7-A8C8-64F841C64AD1}"
EndProject
Project("{FAE04EC0-301F-11D3-BF4B-00C04F79EFBC}") = "RectangleArea", "RectangleArea\RectangleArea.csproj", "{B6EB8235-15D3-4275-90CC-3F9B45543F84}"
EndProject
Project("{FAE04EC0-301F-11D3-BF4B-00C04F79EFBC}") = "IfExample", "ConsoleApplication1\IfExample.csproj", "{0C62ECBC-0E4B-4388-B90A-C8AF33805F9D}"
EndProject
Project("{FAE04EC0-301F-11D3-BF4B-00C04F79EFBC}") = "LoopsExample", "LoopsExample\LoopsExample.csproj", "{49164210-FA1C-4618-A72B-359E19E804A2}"
EndProject
Project("{FAE04EC0-301F-11D3-BF4B-00C04F79EFBC}") = "WhileExample", "WhileExample\WhileExample.csproj", "{9A38D0A8-A1C6-47C4-8B1F-37EDB03C02F6}"
EndProject
Project("{FAE04EC0-301F-11D3-BF4B-00C04F79EFBC}") = "ListOfListExample", "ListOfListExample\ListOfListExample.csproj", "{B392E5E5-E5EE-480A-9CC0-1B17F6B33B66}"
EndProject
Project("{FAE04EC0-301F-11D3-BF4B-00C04F79EFBC}") = "ClassesExample", "ClassesExample\ClassesExample.csproj", "{D28A1167-A703-4816-B124-141F3EDF3B43}"
EndProject
Project("{2150E333-8FDC-42A3-9474-1A3956D46DE8}") = "Application", "Application", "{5B21F81F-0FC1-4275-A72E-03DA51AFA166}"
EndProject
Project("{FAE04EC0-301F-11D3-BF4B-00C04F79EFBC}") = "WinClient", "WinClient\WinClient.csproj", "{29688210-4AF3-48DB-B274-A5EFBFABA415}"
EndProject
Project("{FAE04EC0-301F-11D3-BF4B-00C04F79EFBC}") = "MovieClasses", "MovieClasses\MovieClasses.csproj", "{47E0A9A1-0760-466D-9781-06C98BC0394D}"
EndProject
Project("{FAE04EC0-301F-11D3-BF4B-00C04F79EFBC}") = "MovieManagement", "MovieManagement\MovieManagement.csproj", "{54C4776D-E46B-4D5B-B7AF-5CE1515B59A0}"
EndProject
Project("{FAE04EC0-301F-11D3-BF4B-00C04F79EFBC}") = "Tanenbaum", "Tanenbaum\Tanenbaum.csproj", "{7C43A3A7-BAC4-484F-B94A-A6904F6B8681}"
EndProject
Project("{FAE04EC0-301F-11D3-BF4B-00C04F79EFBC}") = "FizzBuzz", "FizzBuzz\FizzBuzz.csproj", "{DA3D3FBB-BB5E-410B-9A1B-62BA26D703A1}"
EndProject
Project("{FAE04EC0-301F-11D3-BF4B-00C04F79EFBC}") = "InheritanceDemo", "InheritanceDemo\InheritanceDemo.csproj", "{22B4DF06-87FB-4EDD-BBFD-81F0E5D61560}"
EndProject
Project("{FAE04EC0-301F-11D3-BF4B-00C04F79EFBC}") = "StaticsDemo", "StaticsDemo\StaticsDemo.csproj", "{9D18217B-5A7F-47BD-84A1-25383E587601}"
EndProject
Project("{FAE04EC0-301F-11D3-BF4B-00C04F79EFBC}") = "SEDC", "SEDC\SEDC.csproj", "{DFADE7C1-FF73-48AB-8850-01BBE7F81372}"
EndProject
Project("{FAE04EC0-301F-11D3-BF4B-00C04F79EFBC}") = "DictExample", "DictExample\DictExample.csproj", "{3B0B6505-8D67-4274-9963-42C69C1E250D}"
EndProject
Project("{FAE04EC0-301F-11D3-BF4B-00C04F79EFBC}") = "CatchExample", "CatchExample\CatchExample.csproj", "{6E6C4055-CDBD-4785-B3F3-14BB03CEDDA1}"
EndProject
Project("{FAE04EC0-301F-11D3-BF4B-00C04F79EFBC}") = "EnglishToMacedonian", "EnglishToMacedonian\EnglishToMacedonian.csproj", "{20223093-3D87-4995-831D-42E4B454E4C9}"
EndProject
Project("{FAE04EC0-301F-11D3-BF4B-00C04F79EFBC}") = "DictionaryBuilder", "DictionaryBuilder\DictionaryBuilder.csproj", "{89023FBF-F873-4F03-8D63-6BCC2D6761F5}"
EndProject
Project("{FAE04EC0-301F-11D3-BF4B-00C04F79EFBC}") = "InterfaceExample", "InterfaceExample\InterfaceExample.csproj", "{FD7F0C06-195C-4E01-976F-EBC4F29641D5}"
EndProject
Project("{FAE04EC0-301F-11D3-BF4B-00C04F79EFBC}") = "PlugCalc", "PlugCalc\PlugCalc.csproj", "{1C556E66-8B68-4420-81E0-0F317E59B138}"
EndProject
Project("{2150E333-8FDC-42A3-9474-1A3956D46DE8}") = "LINQ", "LINQ", "{1C4564A2-C18B-4067-9A47-959276EEA9C6}"
EndProject
Project("{FAE04EC0-301F-11D3-BF4B-00C04F79EFBC}") = "LinqRunner", "LinqRunner\LinqRunner.csproj", "{D48FB24D-3971-4484-BDF0-6036D2A52618}"
EndProject
Project("{FAE04EC0-301F-11D3-BF4B-00C04F79EFBC}") = "LinqClasses", "LinqClasses\LinqClasses.csproj", "{1985D960-C10F-4A72-A3BE-8FA9FCCF40A7}"
EndProject
Project("{FAE04EC0-301F-11D3-BF4B-00C04F79EFBC}") = "SelectRunner", "SelectRunner\SelectRunner.csproj", "{30243090-795B-40D9-AA53-5D10537F968B}"
EndProject
Project("{FAE04EC0-301F-11D3-BF4B-00C04F79EFBC}") = "LinqTasks", "LinqTasks\LinqTasks.csproj", "{333F528E-C1CA-43C6-937B-265082AF27C5}"
EndProject
Project("{FAE04EC0-301F-11D3-BF4B-00C04F79EFBC}") = "Booker", "Booker\Booker.csproj", "{10359310-6AFC-4E0A-80D1-651498A98C8D}"
EndProject
Project("{FAE04EC0-301F-11D3-BF4B-00C04F79EFBC}") = "StringBuilderDemo", "StringBuilder\StringBuilderDemo.csproj", "{D794F0F0-94E8-4CB7-8784-044C44D76BB4}"
EndProject
Project("{FAE04EC0-301F-11D3-BF4B-00C04F79EFBC}") = "MyMusicDepo", "MyMusicDepo\MyMusicDepo.csproj", "{0E208275-EAEE-4CA6-A05A-BCEFCA99B59F}"
EndProject
Project("{2150E333-8FDC-42A3-9474-1A3956D46DE8}") = "LOTR", "LOTR", "{315AFE12-99B6-42C2-BD06-6F2CF1BCD356}"
EndProject
Project("{FAE04EC0-301F-11D3-BF4B-00C04F79EFBC}") = "LotrEntities", "LotrEntities\LotrEntities.csproj", "{60615900-AB7B-444B-94F8-722D0890DFD5}"
EndProject
Project("{FAE04EC0-301F-11D3-BF4B-00C04F79EFBC}") = "LotrRunner", "LotrRunner\LotrRunner.csproj", "{48D87ED3-411E-4960-9B2C-F7BAC9B7DBF3}"
EndProject
Global
	GlobalSection(SolutionConfigurationPlatforms) = preSolution
		Debug|Any CPU = Debug|Any CPU
		Release|Any CPU = Release|Any CPU
	EndGlobalSection
	GlobalSection(ProjectConfigurationPlatforms) = postSolution
		{45636E2E-DCFD-4659-AE60-CCD287195225}.Debug|Any CPU.ActiveCfg = Debug|Any CPU
		{45636E2E-DCFD-4659-AE60-CCD287195225}.Debug|Any CPU.Build.0 = Debug|Any CPU
		{45636E2E-DCFD-4659-AE60-CCD287195225}.Release|Any CPU.ActiveCfg = Release|Any CPU
		{45636E2E-DCFD-4659-AE60-CCD287195225}.Release|Any CPU.Build.0 = Release|Any CPU
		{788DAF8D-B7B1-4A2E-B765-FC222A0BE342}.Debug|Any CPU.ActiveCfg = Debug|Any CPU
		{788DAF8D-B7B1-4A2E-B765-FC222A0BE342}.Debug|Any CPU.Build.0 = Debug|Any CPU
		{788DAF8D-B7B1-4A2E-B765-FC222A0BE342}.Release|Any CPU.ActiveCfg = Release|Any CPU
		{788DAF8D-B7B1-4A2E-B765-FC222A0BE342}.Release|Any CPU.Build.0 = Release|Any CPU
		{E4C5DBF1-B92D-4604-9D1E-5DF7ECDAC80F}.Debug|Any CPU.ActiveCfg = Debug|Any CPU
		{E4C5DBF1-B92D-4604-9D1E-5DF7ECDAC80F}.Debug|Any CPU.Build.0 = Debug|Any CPU
		{E4C5DBF1-B92D-4604-9D1E-5DF7ECDAC80F}.Release|Any CPU.ActiveCfg = Release|Any CPU
		{E4C5DBF1-B92D-4604-9D1E-5DF7ECDAC80F}.Release|Any CPU.Build.0 = Release|Any CPU
		{B6EB8235-15D3-4275-90CC-3F9B45543F84}.Debug|Any CPU.ActiveCfg = Debug|Any CPU
		{B6EB8235-15D3-4275-90CC-3F9B45543F84}.Debug|Any CPU.Build.0 = Debug|Any CPU
		{B6EB8235-15D3-4275-90CC-3F9B45543F84}.Release|Any CPU.ActiveCfg = Release|Any CPU
		{B6EB8235-15D3-4275-90CC-3F9B45543F84}.Release|Any CPU.Build.0 = Release|Any CPU
		{0C62ECBC-0E4B-4388-B90A-C8AF33805F9D}.Debug|Any CPU.ActiveCfg = Debug|Any CPU
		{0C62ECBC-0E4B-4388-B90A-C8AF33805F9D}.Debug|Any CPU.Build.0 = Debug|Any CPU
		{0C62ECBC-0E4B-4388-B90A-C8AF33805F9D}.Release|Any CPU.ActiveCfg = Release|Any CPU
		{0C62ECBC-0E4B-4388-B90A-C8AF33805F9D}.Release|Any CPU.Build.0 = Release|Any CPU
		{49164210-FA1C-4618-A72B-359E19E804A2}.Debug|Any CPU.ActiveCfg = Debug|Any CPU
		{49164210-FA1C-4618-A72B-359E19E804A2}.Debug|Any CPU.Build.0 = Debug|Any CPU
		{49164210-FA1C-4618-A72B-359E19E804A2}.Release|Any CPU.ActiveCfg = Release|Any CPU
		{49164210-FA1C-4618-A72B-359E19E804A2}.Release|Any CPU.Build.0 = Release|Any CPU
		{9A38D0A8-A1C6-47C4-8B1F-37EDB03C02F6}.Debug|Any CPU.ActiveCfg = Debug|Any CPU
		{9A38D0A8-A1C6-47C4-8B1F-37EDB03C02F6}.Debug|Any CPU.Build.0 = Debug|Any CPU
		{9A38D0A8-A1C6-47C4-8B1F-37EDB03C02F6}.Release|Any CPU.ActiveCfg = Release|Any CPU
		{9A38D0A8-A1C6-47C4-8B1F-37EDB03C02F6}.Release|Any CPU.Build.0 = Release|Any CPU
		{B392E5E5-E5EE-480A-9CC0-1B17F6B33B66}.Debug|Any CPU.ActiveCfg = Debug|Any CPU
		{B392E5E5-E5EE-480A-9CC0-1B17F6B33B66}.Debug|Any CPU.Build.0 = Debug|Any CPU
		{B392E5E5-E5EE-480A-9CC0-1B17F6B33B66}.Release|Any CPU.ActiveCfg = Release|Any CPU
		{B392E5E5-E5EE-480A-9CC0-1B17F6B33B66}.Release|Any CPU.Build.0 = Release|Any CPU
		{D28A1167-A703-4816-B124-141F3EDF3B43}.Debug|Any CPU.ActiveCfg = Debug|Any CPU
		{D28A1167-A703-4816-B124-141F3EDF3B43}.Debug|Any CPU.Build.0 = Debug|Any CPU
		{D28A1167-A703-4816-B124-141F3EDF3B43}.Release|Any CPU.ActiveCfg = Release|Any CPU
		{D28A1167-A703-4816-B124-141F3EDF3B43}.Release|Any CPU.Build.0 = Release|Any CPU
		{29688210-4AF3-48DB-B274-A5EFBFABA415}.Debug|Any CPU.ActiveCfg = Debug|Any CPU
		{29688210-4AF3-48DB-B274-A5EFBFABA415}.Debug|Any CPU.Build.0 = Debug|Any CPU
		{29688210-4AF3-48DB-B274-A5EFBFABA415}.Release|Any CPU.ActiveCfg = Release|Any CPU
		{29688210-4AF3-48DB-B274-A5EFBFABA415}.Release|Any CPU.Build.0 = Release|Any CPU
		{47E0A9A1-0760-466D-9781-06C98BC0394D}.Debug|Any CPU.ActiveCfg = Debug|Any CPU
		{47E0A9A1-0760-466D-9781-06C98BC0394D}.Debug|Any CPU.Build.0 = Debug|Any CPU
		{47E0A9A1-0760-466D-9781-06C98BC0394D}.Release|Any CPU.ActiveCfg = Release|Any CPU
		{47E0A9A1-0760-466D-9781-06C98BC0394D}.Release|Any CPU.Build.0 = Release|Any CPU
		{54C4776D-E46B-4D5B-B7AF-5CE1515B59A0}.Debug|Any CPU.ActiveCfg = Debug|Any CPU
		{54C4776D-E46B-4D5B-B7AF-5CE1515B59A0}.Debug|Any CPU.Build.0 = Debug|Any CPU
		{54C4776D-E46B-4D5B-B7AF-5CE1515B59A0}.Release|Any CPU.ActiveCfg = Release|Any CPU
		{54C4776D-E46B-4D5B-B7AF-5CE1515B59A0}.Release|Any CPU.Build.0 = Release|Any CPU
		{7C43A3A7-BAC4-484F-B94A-A6904F6B8681}.Debug|Any CPU.ActiveCfg = Debug|Any CPU
		{7C43A3A7-BAC4-484F-B94A-A6904F6B8681}.Debug|Any CPU.Build.0 = Debug|Any CPU
		{7C43A3A7-BAC4-484F-B94A-A6904F6B8681}.Release|Any CPU.ActiveCfg = Release|Any CPU
		{7C43A3A7-BAC4-484F-B94A-A6904F6B8681}.Release|Any CPU.Build.0 = Release|Any CPU
		{DA3D3FBB-BB5E-410B-9A1B-62BA26D703A1}.Debug|Any CPU.ActiveCfg = Debug|Any CPU
		{DA3D3FBB-BB5E-410B-9A1B-62BA26D703A1}.Debug|Any CPU.Build.0 = Debug|Any CPU
		{DA3D3FBB-BB5E-410B-9A1B-62BA26D703A1}.Release|Any CPU.ActiveCfg = Release|Any CPU
		{DA3D3FBB-BB5E-410B-9A1B-62BA26D703A1}.Release|Any CPU.Build.0 = Release|Any CPU
		{22B4DF06-87FB-4EDD-BBFD-81F0E5D61560}.Debug|Any CPU.ActiveCfg = Debug|Any CPU
		{22B4DF06-87FB-4EDD-BBFD-81F0E5D61560}.Debug|Any CPU.Build.0 = Debug|Any CPU
		{22B4DF06-87FB-4EDD-BBFD-81F0E5D61560}.Release|Any CPU.ActiveCfg = Release|Any CPU
		{22B4DF06-87FB-4EDD-BBFD-81F0E5D61560}.Release|Any CPU.Build.0 = Release|Any CPU
		{9D18217B-5A7F-47BD-84A1-25383E587601}.Debug|Any CPU.ActiveCfg = Debug|Any CPU
		{9D18217B-5A7F-47BD-84A1-25383E587601}.Debug|Any CPU.Build.0 = Debug|Any CPU
		{9D18217B-5A7F-47BD-84A1-25383E587601}.Release|Any CPU.ActiveCfg = Release|Any CPU
		{9D18217B-5A7F-47BD-84A1-25383E587601}.Release|Any CPU.Build.0 = Release|Any CPU
		{DFADE7C1-FF73-48AB-8850-01BBE7F81372}.Debug|Any CPU.ActiveCfg = Debug|Any CPU
		{DFADE7C1-FF73-48AB-8850-01BBE7F81372}.Debug|Any CPU.Build.0 = Debug|Any CPU
		{DFADE7C1-FF73-48AB-8850-01BBE7F81372}.Release|Any CPU.ActiveCfg = Release|Any CPU
		{DFADE7C1-FF73-48AB-8850-01BBE7F81372}.Release|Any CPU.Build.0 = Release|Any CPU
		{3B0B6505-8D67-4274-9963-42C69C1E250D}.Debug|Any CPU.ActiveCfg = Debug|Any CPU
		{3B0B6505-8D67-4274-9963-42C69C1E250D}.Debug|Any CPU.Build.0 = Debug|Any CPU
		{3B0B6505-8D67-4274-9963-42C69C1E250D}.Release|Any CPU.ActiveCfg = Release|Any CPU
		{3B0B6505-8D67-4274-9963-42C69C1E250D}.Release|Any CPU.Build.0 = Release|Any CPU
		{6E6C4055-CDBD-4785-B3F3-14BB03CEDDA1}.Debug|Any CPU.ActiveCfg = Debug|Any CPU
		{6E6C4055-CDBD-4785-B3F3-14BB03CEDDA1}.Debug|Any CPU.Build.0 = Debug|Any CPU
		{6E6C4055-CDBD-4785-B3F3-14BB03CEDDA1}.Release|Any CPU.ActiveCfg = Release|Any CPU
		{6E6C4055-CDBD-4785-B3F3-14BB03CEDDA1}.Release|Any CPU.Build.0 = Release|Any CPU
		{20223093-3D87-4995-831D-42E4B454E4C9}.Debug|Any CPU.ActiveCfg = Debug|Any CPU
		{20223093-3D87-4995-831D-42E4B454E4C9}.Debug|Any CPU.Build.0 = Debug|Any CPU
		{20223093-3D87-4995-831D-42E4B454E4C9}.Release|Any CPU.ActiveCfg = Release|Any CPU
		{20223093-3D87-4995-831D-42E4B454E4C9}.Release|Any CPU.Build.0 = Release|Any CPU
		{89023FBF-F873-4F03-8D63-6BCC2D6761F5}.Debug|Any CPU.ActiveCfg = Debug|Any CPU
		{89023FBF-F873-4F03-8D63-6BCC2D6761F5}.Debug|Any CPU.Build.0 = Debug|Any CPU
		{89023FBF-F873-4F03-8D63-6BCC2D6761F5}.Release|Any CPU.ActiveCfg = Release|Any CPU
		{89023FBF-F873-4F03-8D63-6BCC2D6761F5}.Release|Any CPU.Build.0 = Release|Any CPU
		{FD7F0C06-195C-4E01-976F-EBC4F29641D5}.Debug|Any CPU.ActiveCfg = Debug|Any CPU
		{FD7F0C06-195C-4E01-976F-EBC4F29641D5}.Debug|Any CPU.Build.0 = Debug|Any CPU
		{FD7F0C06-195C-4E01-976F-EBC4F29641D5}.Release|Any CPU.ActiveCfg = Release|Any CPU
		{FD7F0C06-195C-4E01-976F-EBC4F29641D5}.Release|Any CPU.Build.0 = Release|Any CPU
		{1C556E66-8B68-4420-81E0-0F317E59B138}.Debug|Any CPU.ActiveCfg = Debug|Any CPU
		{1C556E66-8B68-4420-81E0-0F317E59B138}.Debug|Any CPU.Build.0 = Debug|Any CPU
		{1C556E66-8B68-4420-81E0-0F317E59B138}.Release|Any CPU.ActiveCfg = Release|Any CPU
		{1C556E66-8B68-4420-81E0-0F317E59B138}.Release|Any CPU.Build.0 = Release|Any CPU
		{D48FB24D-3971-4484-BDF0-6036D2A52618}.Debug|Any CPU.ActiveCfg = Debug|Any CPU
		{D48FB24D-3971-4484-BDF0-6036D2A52618}.Debug|Any CPU.Build.0 = Debug|Any CPU
		{D48FB24D-3971-4484-BDF0-6036D2A52618}.Release|Any CPU.ActiveCfg = Release|Any CPU
		{D48FB24D-3971-4484-BDF0-6036D2A52618}.Release|Any CPU.Build.0 = Release|Any CPU
		{1985D960-C10F-4A72-A3BE-8FA9FCCF40A7}.Debug|Any CPU.ActiveCfg = Debug|Any CPU
		{1985D960-C10F-4A72-A3BE-8FA9FCCF40A7}.Debug|Any CPU.Build.0 = Debug|Any CPU
		{1985D960-C10F-4A72-A3BE-8FA9FCCF40A7}.Release|Any CPU.ActiveCfg = Release|Any CPU
		{1985D960-C10F-4A72-A3BE-8FA9FCCF40A7}.Release|Any CPU.Build.0 = Release|Any CPU
		{30243090-795B-40D9-AA53-5D10537F968B}.Debug|Any CPU.ActiveCfg = Debug|Any CPU
		{30243090-795B-40D9-AA53-5D10537F968B}.Debug|Any CPU.Build.0 = Debug|Any CPU
		{30243090-795B-40D9-AA53-5D10537F968B}.Release|Any CPU.ActiveCfg = Release|Any CPU
		{30243090-795B-40D9-AA53-5D10537F968B}.Release|Any CPU.Build.0 = Release|Any CPU
		{333F528E-C1CA-43C6-937B-265082AF27C5}.Debug|Any CPU.ActiveCfg = Debug|Any CPU
		{333F528E-C1CA-43C6-937B-265082AF27C5}.Debug|Any CPU.Build.0 = Debug|Any CPU
		{333F528E-C1CA-43C6-937B-265082AF27C5}.Release|Any CPU.ActiveCfg = Release|Any CPU
		{333F528E-C1CA-43C6-937B-265082AF27C5}.Release|Any CPU.Build.0 = Release|Any CPU
		{10359310-6AFC-4E0A-80D1-651498A98C8D}.Debug|Any CPU.ActiveCfg = Debug|Any CPU
		{10359310-6AFC-4E0A-80D1-651498A98C8D}.Debug|Any CPU.Build.0 = Debug|Any CPU
		{10359310-6AFC-4E0A-80D1-651498A98C8D}.Release|Any CPU.ActiveCfg = Release|Any CPU
		{10359310-6AFC-4E0A-80D1-651498A98C8D}.Release|Any CPU.Build.0 = Release|Any CPU
		{D794F0F0-94E8-4CB7-8784-044C44D76BB4}.Debug|Any CPU.ActiveCfg = Debug|Any CPU
		{D794F0F0-94E8-4CB7-8784-044C44D76BB4}.Debug|Any CPU.Build.0 = Debug|Any CPU
		{D794F0F0-94E8-4CB7-8784-044C44D76BB4}.Release|Any CPU.ActiveCfg = Release|Any CPU
		{D794F0F0-94E8-4CB7-8784-044C44D76BB4}.Release|Any CPU.Build.0 = Release|Any CPU
		{0E208275-EAEE-4CA6-A05A-BCEFCA99B59F}.Debug|Any CPU.ActiveCfg = Debug|Any CPU
		{0E208275-EAEE-4CA6-A05A-BCEFCA99B59F}.Debug|Any CPU.Build.0 = Debug|Any CPU
		{0E208275-EAEE-4CA6-A05A-BCEFCA99B59F}.Release|Any CPU.ActiveCfg = Release|Any CPU
		{0E208275-EAEE-4CA6-A05A-BCEFCA99B59F}.Release|Any CPU.Build.0 = Release|Any CPU
		{60615900-AB7B-444B-94F8-722D0890DFD5}.Debug|Any CPU.ActiveCfg = Debug|Any CPU
		{60615900-AB7B-444B-94F8-722D0890DFD5}.Debug|Any CPU.Build.0 = Debug|Any CPU
		{60615900-AB7B-444B-94F8-722D0890DFD5}.Release|Any CPU.ActiveCfg = Release|Any CPU
		{60615900-AB7B-444B-94F8-722D0890DFD5}.Release|Any CPU.Build.0 = Release|Any CPU
		{48D87ED3-411E-4960-9B2C-F7BAC9B7DBF3}.Debug|Any CPU.ActiveCfg = Debug|Any CPU
		{48D87ED3-411E-4960-9B2C-F7BAC9B7DBF3}.Debug|Any CPU.Build.0 = Debug|Any CPU
		{48D87ED3-411E-4960-9B2C-F7BAC9B7DBF3}.Release|Any CPU.ActiveCfg = Release|Any CPU
		{48D87ED3-411E-4960-9B2C-F7BAC9B7DBF3}.Release|Any CPU.Build.0 = Release|Any CPU
	EndGlobalSection
	GlobalSection(SolutionProperties) = preSolution
		HideSolutionNode = FALSE
	EndGlobalSection
	GlobalSection(NestedProjects) = preSolution
		{E4C5DBF1-B92D-4604-9D1E-5DF7ECDAC80F} = {24A94C59-D7E4-43C9-88DA-9581C17C3607}
		{B6EB8235-15D3-4275-90CC-3F9B45543F84} = {65278FF7-1248-44C7-A8C8-64F841C64AD1}
		{0C62ECBC-0E4B-4388-B90A-C8AF33805F9D} = {24A94C59-D7E4-43C9-88DA-9581C17C3607}
		{49164210-FA1C-4618-A72B-359E19E804A2} = {24A94C59-D7E4-43C9-88DA-9581C17C3607}
		{9A38D0A8-A1C6-47C4-8B1F-37EDB03C02F6} = {24A94C59-D7E4-43C9-88DA-9581C17C3607}
		{B392E5E5-E5EE-480A-9CC0-1B17F6B33B66} = {24A94C59-D7E4-43C9-88DA-9581C17C3607}
		{D28A1167-A703-4816-B124-141F3EDF3B43} = {24A94C59-D7E4-43C9-88DA-9581C17C3607}
		{5B21F81F-0FC1-4275-A72E-03DA51AFA166} = {24A94C59-D7E4-43C9-88DA-9581C17C3607}
		{29688210-4AF3-48DB-B274-A5EFBFABA415} = {5B21F81F-0FC1-4275-A72E-03DA51AFA166}
		{47E0A9A1-0760-466D-9781-06C98BC0394D} = {5B21F81F-0FC1-4275-A72E-03DA51AFA166}
		{54C4776D-E46B-4D5B-B7AF-5CE1515B59A0} = {5B21F81F-0FC1-4275-A72E-03DA51AFA166}
		{7C43A3A7-BAC4-484F-B94A-A6904F6B8681} = {65278FF7-1248-44C7-A8C8-64F841C64AD1}
		{DA3D3FBB-BB5E-410B-9A1B-62BA26D703A1} = {65278FF7-1248-44C7-A8C8-64F841C64AD1}
		{22B4DF06-87FB-4EDD-BBFD-81F0E5D61560} = {24A94C59-D7E4-43C9-88DA-9581C17C3607}
		{9D18217B-5A7F-47BD-84A1-25383E587601} = {24A94C59-D7E4-43C9-88DA-9581C17C3607}
		{DFADE7C1-FF73-48AB-8850-01BBE7F81372} = {65278FF7-1248-44C7-A8C8-64F841C64AD1}
		{3B0B6505-8D67-4274-9963-42C69C1E250D} = {65278FF7-1248-44C7-A8C8-64F841C64AD1}
		{6E6C4055-CDBD-4785-B3F3-14BB03CEDDA1} = {24A94C59-D7E4-43C9-88DA-9581C17C3607}
		{20223093-3D87-4995-831D-42E4B454E4C9} = {65278FF7-1248-44C7-A8C8-64F841C64AD1}
		{89023FBF-F873-4F03-8D63-6BCC2D6761F5} = {65278FF7-1248-44C7-A8C8-64F841C64AD1}
		{FD7F0C06-195C-4E01-976F-EBC4F29641D5} = {24A94C59-D7E4-43C9-88DA-9581C17C3607}
		{1C556E66-8B68-4420-81E0-0F317E59B138} = {24A94C59-D7E4-43C9-88DA-9581C17C3607}
		{1C4564A2-C18B-4067-9A47-959276EEA9C6} = {24A94C59-D7E4-43C9-88DA-9581C17C3607}
		{D48FB24D-3971-4484-BDF0-6036D2A52618} = {1C4564A2-C18B-4067-9A47-959276EEA9C6}
		{1985D960-C10F-4A72-A3BE-8FA9FCCF40A7} = {1C4564A2-C18B-4067-9A47-959276EEA9C6}
		{30243090-795B-40D9-AA53-5D10537F968B} = {1C4564A2-C18B-4067-9A47-959276EEA9C6}
		{333F528E-C1CA-43C6-937B-265082AF27C5} = {65278FF7-1248-44C7-A8C8-64F841C64AD1}
		{10359310-6AFC-4E0A-80D1-651498A98C8D} = {1C4564A2-C18B-4067-9A47-959276EEA9C6}
		{D794F0F0-94E8-4CB7-8784-044C44D76BB4} = {24A94C59-D7E4-43C9-88DA-9581C17C3607}
		{0E208275-EAEE-4CA6-A05A-BCEFCA99B59F} = {1C4564A2-C18B-4067-9A47-959276EEA9C6}
		{315AFE12-99B6-42C2-BD06-6F2CF1BCD356} = {24A94C59-D7E4-43C9-88DA-9581C17C3607}
		{60615900-AB7B-444B-94F8-722D0890DFD5} = {315AFE12-99B6-42C2-BD06-6F2CF1BCD356}
		{48D87ED3-411E-4960-9B2C-F7BAC9B7DBF3} = {315AFE12-99B6-42C2-BD06-6F2CF1BCD356}
	EndGlobalSection
EndGlobal
