
Microsoft Visual Studio Solution File, Format Version 12.00
# Visual Studio 14
VisualStudioVersion = 14.0.23107.0
MinimumVisualStudioVersion = 10.0.40219.1
Project("{FAE04EC0-301F-11D3-BF4B-00C04F79EFBC}") = "NumToWordsAndCalculator", "NumToWordsAndCalculator\NumToWordsAndCalculator.csproj", "{FAD1ABA8-4E57-4247-95DA-113728ACA3E9}"
EndProject
Project("{FAE04EC0-301F-11D3-BF4B-00C04F79EFBC}") = "NumToWordsAndCalculatorTests", "NumToWordsAndCalculatorTests\NumToWordsAndCalculatorTests.csproj", "{9815A5F7-453E-4FD8-BAA5-BFD73A4E06CD}"
EndProject
Project("{FAE04EC0-301F-11D3-BF4B-00C04F79EFBC}") = "Calculator", "Calculator\Calculator.csproj", "{246CD22A-AE9F-4CE4-B107-65D7778C0E67}"
EndProject
Global
	GlobalSection(SolutionConfigurationPlatforms) = preSolution
		Debug|Any CPU = Debug|Any CPU
		Release|Any CPU = Release|Any CPU
	EndGlobalSection
	GlobalSection(ProjectConfigurationPlatforms) = postSolution
		{FAD1ABA8-4E57-4247-95DA-113728ACA3E9}.Debug|Any CPU.ActiveCfg = Debug|Any CPU
		{FAD1ABA8-4E57-4247-95DA-113728ACA3E9}.Debug|Any CPU.Build.0 = Debug|Any CPU
		{FAD1ABA8-4E57-4247-95DA-113728ACA3E9}.Release|Any CPU.ActiveCfg = Release|Any CPU
		{FAD1ABA8-4E57-4247-95DA-113728ACA3E9}.Release|Any CPU.Build.0 = Release|Any CPU
		{9815A5F7-453E-4FD8-BAA5-BFD73A4E06CD}.Debug|Any CPU.ActiveCfg = Debug|Any CPU
		{9815A5F7-453E-4FD8-BAA5-BFD73A4E06CD}.Debug|Any CPU.Build.0 = Debug|Any CPU
		{9815A5F7-453E-4FD8-BAA5-BFD73A4E06CD}.Release|Any CPU.ActiveCfg = Release|Any CPU
		{9815A5F7-453E-4FD8-BAA5-BFD73A4E06CD}.Release|Any CPU.Build.0 = Release|Any CPU
		{246CD22A-AE9F-4CE4-B107-65D7778C0E67}.Debug|Any CPU.ActiveCfg = Debug|Any CPU
		{246CD22A-AE9F-4CE4-B107-65D7778C0E67}.Debug|Any CPU.Build.0 = Debug|Any CPU
		{246CD22A-AE9F-4CE4-B107-65D7778C0E67}.Release|Any CPU.ActiveCfg = Release|Any CPU
		{246CD22A-AE9F-4CE4-B107-65D7778C0E67}.Release|Any CPU.Build.0 = Release|Any CPU
	EndGlobalSection
	GlobalSection(SolutionProperties) = preSolution
		HideSolutionNode = FALSE
	EndGlobalSection
EndGlobal
