
Microsoft Visual Studio Solution File, Format Version 12.00
# Visual Studio 14
VisualStudioVersion = 14.0.23107.0
MinimumVisualStudioVersion = 10.0.40219.1
Project("{2150E333-8FDC-42A3-9474-1A3956D46DE8}") = "Exercises", "Exercises", "{24A94C59-D7E4-43C9-88DA-9581C17C3607}"
EndProject
Project("{FAE04EC0-301F-11D3-BF4B-00C04F79EFBC}") = "ClassesExample", "ClassesExample\ClassesExample.csproj", "{D28A1167-A703-4816-B124-141F3EDF3B43}"
EndProject
Global
	GlobalSection(SolutionConfigurationPlatforms) = preSolution
		Debug|Any CPU = Debug|Any CPU
		Release|Any CPU = Release|Any CPU
	EndGlobalSection
	GlobalSection(ProjectConfigurationPlatforms) = postSolution
		{D28A1167-A703-4816-B124-141F3EDF3B43}.Debug|Any CPU.ActiveCfg = Debug|Any CPU
		{D28A1167-A703-4816-B124-141F3EDF3B43}.Debug|Any CPU.Build.0 = Debug|Any CPU
		{D28A1167-A703-4816-B124-141F3EDF3B43}.Release|Any CPU.ActiveCfg = Release|Any CPU
		{D28A1167-A703-4816-B124-141F3EDF3B43}.Release|Any CPU.Build.0 = Release|Any CPU
	EndGlobalSection
	GlobalSection(SolutionProperties) = preSolution
		HideSolutionNode = FALSE
	EndGlobalSection
	GlobalSection(NestedProjects) = preSolution
		{D28A1167-A703-4816-B124-141F3EDF3B43} = {24A94C59-D7E4-43C9-88DA-9581C17C3607}
	EndGlobalSection
EndGlobal
